
Microsoft Visual Studio Solution File, Format Version 12.00
Project("{FAE04EC0-301F-11D3-BF4B-00C04F79EFBC}") = "SortingAlgorithms", "SortingAlgorithms\SortingAlgorithms.csproj", "{02CFBDB8-6382-49A2-AB21-30AB69C021E1}"
EndProject
Project("{2150E333-8FDC-42A3-9474-1A3956D46DE8}") = "Solution Items", "Solution Items", "{EE83CCB2-8B07-457F-A4E6-50C89C541147}"
	ProjectSection(SolutionItems) = preProject
		docker-compose.yml = docker-compose.yml
	EndProjectSection
EndProject
Global
	GlobalSection(SolutionConfigurationPlatforms) = preSolution
		Debug|Any CPU = Debug|Any CPU
		Release|Any CPU = Release|Any CPU
	EndGlobalSection
	GlobalSection(ProjectConfigurationPlatforms) = postSolution
		{02CFBDB8-6382-49A2-AB21-30AB69C021E1}.Debug|Any CPU.ActiveCfg = Debug|Any CPU
		{02CFBDB8-6382-49A2-AB21-30AB69C021E1}.Debug|Any CPU.Build.0 = Debug|Any CPU
		{02CFBDB8-6382-49A2-AB21-30AB69C021E1}.Release|Any CPU.ActiveCfg = Release|Any CPU
		{02CFBDB8-6382-49A2-AB21-30AB69C021E1}.Release|Any CPU.Build.0 = Release|Any CPU
	EndGlobalSection
EndGlobal
